github.com/junyupL/sys v0.0.0-20221023080006-0a5fd819e989 h1:mG3NXTJlc4DbEp1D8e7X/IpuBg1i0HuV/NvM/hxBvFo=
github.com/junyupL/sys v0.0.0-20221023080006-0a5fd819e989/go.mod h1:ftGIz3+4lQAnU30FTjpRfeDpVJFQ3n5vyrClSaC/Izk=
golang.org/x/exp v0.0.0-20221019170559-20944726eadf h1:nFVjjKDgNY37+ZSYCJmtYf7tOlfQswHqplG2eosjOMg=
golang.org/x/exp v0.0.0-20221019170559-20944726eadf/go.mod h1:cyybsKvd6eL0RnXn6p/Grxp8F5bW7iYuBgsNCOHpMYE=
